// !$*UTF8*$!
{
	archiveVersion = 1;
	classes = {
	};
	objectVersion = 77;
	objects = {

/* Begin PBXContainerItemProxy section */
		3C367F962E1C469400581B21 /* PBXContainerItemProxy */ = {
			isa = PBXContainerItemProxy;
			containerPortal = 3C367F742E1C469300581B21 /* Project object */;
			proxyType = 1;
			remoteGlobalIDString = 3C367F7B2E1C469300581B21;
			remoteInfo = BUUTSHorenko;
		};
		3C367FA02E1C469400581B21 /* PBXContainerItemProxy */ = {
			isa = PBXContainerItemProxy;
			containerPortal = 3C367F742E1C469300581B21 /* Project object */;
			proxyType = 1;
			remoteGlobalIDString = 3C367F7B2E1C469300581B21;
			remoteInfo = BUUTSHorenko;
		};
/* End PBXContainerItemProxy section */

/* Begin PBXFileReference section */
		3C367F7C2E1C469300581B21 /* BUUTSHorenko.app */ = {isa = PBXFileReference; explicitFileType = wrapper.application; includeInIndex = 0; path = BUUTSHorenko.app; sourceTree = BUILT_PRODUCTS_DIR; };
		3C367F952E1C469400581B21 /* BUUTSHorenkoTests.xctest */ = {isa = PBXFileReference; explicitFileType = wrapper.cfbundle; includeInIndex = 0; path = BUUTSHorenkoTests.xctest; sourceTree = BUILT_PRODUCTS_DIR; };
		3C367F9F2E1C469400581B21 /* BUUTSHorenkoUITests.xctest */ = {isa = PBXFileReference; explicitFileType = wrapper.cfbundle; includeInIndex = 0; path = BUUTSHorenkoUITests.xctest; sourceTree = BUILT_PRODUCTS_DIR; };
/* End PBXFileReference section */

/* Begin PBXFileSystemSynchronizedBuildFileExceptionSet section */
		3C367FA72E1C469400581B21 /* Exceptions for "BUUTSHorenko" folder in "BUUTSHorenko" target */ = {
			isa = PBXFileSystemSynchronizedBuildFileExceptionSet;
			membershipExceptions = (
				Info.plist,
			);
			target = 3C367F7B2E1C469300581B21 /* BUUTSHorenko */;
		};
/* End PBXFileSystemSynchronizedBuildFileExceptionSet section */

/* Begin PBXFileSystemSynchronizedRootGroup section */
		3C367F7E2E1C469300581B21 /* BUUTSHorenko */ = {
			isa = PBXFileSystemSynchronizedRootGroup;
			exceptions = (
				3C367FA72E1C469400581B21 /* Exceptions for "BUUTSHorenko" folder in "BUUTSHorenko" target */,
			);
			path = BUUTSHorenko;
			sourceTree = "<group>";
		};
		3C367F982E1C469400581B21 /* BUUTSHorenkoTests */ = {
			isa = PBXFileSystemSynchronizedRootGroup;
			path = BUUTSHorenkoTests;
			sourceTree = "<group>";
		};
		3C367FA22E1C469400581B21 /* BUUTSHorenkoUITests */ = {
			isa = PBXFileSystemSynchronizedRootGroup;
			path = BUUTSHorenkoUITests;
			sourceTree = "<group>";
		};
		3C367FB32E1C473600581B21 /* Support Files */ = {
			isa = PBXFileSystemSynchronizedRootGroup;
			path = "Support Files";
			sourceTree = "<group>";
		};
/* End PBXFileSystemSynchronizedRootGroup section */

/* Begin PBXFrameworksBuildPhase section */
		3C367F792E1C469300581B21 /* Frameworks */ = {
			isa = PBXFrameworksBuildPhase;
			buildActionMask = 2147483647;
			files = (
			);
			runOnlyForDeploymentPostprocessing = 0;
		};
		3C367F922E1C469400581B21 /* Frameworks */ = {
			isa = PBXFrameworksBuildPhase;
			buildActionMask = 2147483647;
			files = (
			);
			runOnlyForDeploymentPostprocessing = 0;
		};
		3C367F9C2E1C469400581B21 /* Frameworks */ = {
			isa = PBXFrameworksBuildPhase;
			buildActionMask = 2147483647;
			files = (
			);
			runOnlyForDeploymentPostprocessing = 0;
		};
/* End PBXFrameworksBuildPhase section */

/* Begin PBXGroup section */
		3C367F732E1C469300581B21 = {
			isa = PBXGroup;
			children = (
				3C367FB32E1C473600581B21 /* Support Files */,
				3C367F7E2E1C469300581B21 /* BUUTSHorenko */,
				3C367F982E1C469400581B21 /* BUUTSHorenkoTests */,
				3C367FA22E1C469400581B21 /* BUUTSHorenkoUITests */,
				3C367F7D2E1C469300581B21 /* Products */,
			);
			sourceTree = "<group>";
		};
		3C367F7D2E1C469300581B21 /* Products */ = {
			isa = PBXGroup;
			children = (
				3C367F7C2E1C469300581B21 /* BUUTSHorenko.app */,
				3C367F952E1C469400581B21 /* BUUTSHorenkoTests.xctest */,
				3C367F9F2E1C469400581B21 /* BUUTSHorenkoUITests.xctest */,
			);
			name = Products;
			sourceTree = "<group>";
		};
/* End PBXGroup section */

/* Begin PBXNativeTarget section */
		3C367F7B2E1C469300581B21 /* BUUTSHorenko */ = {
			isa = PBXNativeTarget;
			buildConfigurationList = 3C367FA82E1C469400581B21 /* Build configuration list for PBXNativeTarget "BUUTSHorenko" */;
			buildPhases = (
				3C367F782E1C469300581B21 /* Sources */,
				3C367F792E1C469300581B21 /* Frameworks */,
				3C367F7A2E1C469300581B21 /* Resources */,
				3C367FBC2E1C47EF00581B21 /* ShellScript */,
			);
			buildRules = (
			);
			dependencies = (
			);
			fileSystemSynchronizedGroups = (
				3C367F7E2E1C469300581B21 /* BUUTSHorenko */,
				3C367FB32E1C473600581B21 /* Support Files */,
			);
			name = BUUTSHorenko;
			packageProductDependencies = (
			);
			productName = BUUTSHorenko;
			productReference = 3C367F7C2E1C469300581B21 /* BUUTSHorenko.app */;
			productType = "com.apple.product-type.application";
		};
		3C367F942E1C469400581B21 /* BUUTSHorenkoTests */ = {
			isa = PBXNativeTarget;
			buildConfigurationList = 3C367FAD2E1C469400581B21 /* Build configuration list for PBXNativeTarget "BUUTSHorenkoTests" */;
			buildPhases = (
				3C367F912E1C469400581B21 /* Sources */,
				3C367F922E1C469400581B21 /* Frameworks */,
				3C367F932E1C469400581B21 /* Resources */,
			);
			buildRules = (
			);
			dependencies = (
				3C367F972E1C469400581B21 /* PBXTargetDependency */,
			);
			fileSystemSynchronizedGroups = (
				3C367F982E1C469400581B21 /* BUUTSHorenkoTests */,
			);
			name = BUUTSHorenkoTests;
			packageProductDependencies = (
			);
			productName = BUUTSHorenkoTests;
			productReference = 3C367F952E1C469400581B21 /* BUUTSHorenkoTests.xctest */;
			productType = "com.apple.product-type.bundle.unit-test";
		};
		3C367F9E2E1C469400581B21 /* BUUTSHorenkoUITests */ = {
			isa = PBXNativeTarget;
			buildConfigurationList = 3C367FB02E1C469400581B21 /* Build configuration list for PBXNativeTarget "BUUTSHorenkoUITests" */;
			buildPhases = (
				3C367F9B2E1C469400581B21 /* Sources */,
				3C367F9C2E1C469400581B21 /* Frameworks */,
				3C367F9D2E1C469400581B21 /* Resources */,
			);
			buildRules = (
			);
			dependencies = (
				3C367FA12E1C469400581B21 /* PBXTargetDependency */,
			);
			fileSystemSynchronizedGroups = (
				3C367FA22E1C469400581B21 /* BUUTSHorenkoUITests */,
			);
			name = BUUTSHorenkoUITests;
			packageProductDependencies = (
			);
			productName = BUUTSHorenkoUITests;
			productReference = 3C367F9F2E1C469400581B21 /* BUUTSHorenkoUITests.xctest */;
			productType = "com.apple.product-type.bundle.ui-testing";
		};
/* End PBXNativeTarget section */

/* Begin PBXProject section */
		3C367F742E1C469300581B21 /* Project object */ = {
			isa = PBXProject;
			attributes = {
				BuildIndependentTargetsInParallel = 1;
				LastSwiftUpdateCheck = 1640;
				LastUpgradeCheck = 1640;
				TargetAttributes = {
					3C367F7B2E1C469300581B21 = {
						CreatedOnToolsVersion = 16.4;
					};
					3C367F942E1C469400581B21 = {
						CreatedOnToolsVersion = 16.4;
						TestTargetID = 3C367F7B2E1C469300581B21;
					};
					3C367F9E2E1C469400581B21 = {
						CreatedOnToolsVersion = 16.4;
						TestTargetID = 3C367F7B2E1C469300581B21;
					};
				};
			};
			buildConfigurationList = 3C367F772E1C469300581B21 /* Build configuration list for PBXProject "BUUTSHorenko" */;
			developmentRegion = en;
			hasScannedForEncodings = 0;
			knownRegions = (
				en,
				Base,
			);
			mainGroup = 3C367F732E1C469300581B21;
			minimizedProjectReferenceProxies = 1;
			preferredProjectObjectVersion = 77;
			productRefGroup = 3C367F7D2E1C469300581B21 /* Products */;
			projectDirPath = "";
			projectRoot = "";
			targets = (
				3C367F7B2E1C469300581B21 /* BUUTSHorenko */,
				3C367F942E1C469400581B21 /* BUUTSHorenkoTests */,
				3C367F9E2E1C469400581B21 /* BUUTSHorenkoUITests */,
			);
		};
/* End PBXProject section */

/* Begin PBXResourcesBuildPhase section */
		3C367F7A2E1C469300581B21 /* Resources */ = {
			isa = PBXResourcesBuildPhase;
			buildActionMask = 2147483647;
			files = (
			);
			runOnlyForDeploymentPostprocessing = 0;
		};
		3C367F932E1C469400581B21 /* Resources */ = {
			isa = PBXResourcesBuildPhase;
			buildActionMask = 2147483647;
			files = (
			);
			runOnlyForDeploymentPostprocessing = 0;
		};
		3C367F9D2E1C469400581B21 /* Resources */ = {
			isa = PBXResourcesBuildPhase;
			buildActionMask = 2147483647;
			files = (
			);
			runOnlyForDeploymentPostprocessing = 0;
		};
/* End PBXResourcesBuildPhase section */

/* Begin PBXShellScriptBuildPhase section */
		3C367FBC2E1C47EF00581B21 /* ShellScript */ = {
			isa = PBXShellScriptBuildPhase;
			buildActionMask = 2147483647;
			files = (
			);
			inputFileListPaths = (
			);
			inputPaths = (
			);
			outputFileListPaths = (
			);
			outputPaths = (
			);
			runOnlyForDeploymentPostprocessing = 0;
			shellPath = /bin/sh;
			shellScript = "if [[ \"$(uname -m)\" == arm64 ]]\nthen\n    export PATH=\"/opt/homebrew/bin:$PATH\"\nfi\n\nif command -v swiftlint >/dev/null 2>&1\nthen\n    swiftlint\nelse\n    echo \"warning: `swiftlint` command not found - See https://github.com/realm/SwiftLint#installation for installation instructions.\"\nfi\n";
		};
/* End PBXShellScriptBuildPhase section */

/* Begin PBXSourcesBuildPhase section */
		3C367F782E1C469300581B21 /* Sources */ = {
			isa = PBXSourcesBuildPhase;
			buildActionMask = 2147483647;
			files = (
			);
			runOnlyForDeploymentPostprocessing = 0;
		};
		3C367F912E1C469400581B21 /* Sources */ = {
			isa = PBXSourcesBuildPhase;
			buildActionMask = 2147483647;
			files = (
			);
			runOnlyForDeploymentPostprocessing = 0;
		};
		3C367F9B2E1C469400581B21 /* Sources */ = {
			isa = PBXSourcesBuildPhase;
			buildActionMask = 2147483647;
			files = (
			);
			runOnlyForDeploymentPostprocessing = 0;
		};
/* End PBXSourcesBuildPhase section */

/* Begin PBXTargetDependency section */
		3C367F972E1C469400581B21 /* PBXTargetDependency */ = {
			isa = PBXTargetDependency;
			target = 3C367F7B2E1C469300581B21 /* BUUTSHorenko */;
			targetProxy = 3C367F962E1C469400581B21 /* PBXContainerItemProxy */;
		};
		3C367FA12E1C469400581B21 /* PBXTargetDependency */ = {
			isa = PBXTargetDependency;
			target = 3C367F7B2E1C469300581B21 /* BUUTSHorenko */;
			targetProxy = 3C367FA02E1C469400581B21 /* PBXContainerItemProxy */;
		};
/* End PBXTargetDependency section */

/* Begin XCBuildConfiguration section */
		3C367FA92E1C469400581B21 /* Debug */ = {
			isa = XCBuildConfiguration;
			buildSettings = {
				ASSETCATALOG_COMPILER_APPICON_NAME = AppIcon;
				ASSETCATALOG_COMPILER_GLOBAL_ACCENT_COLOR_NAME = AccentColor;
				CODE_SIGN_STYLE = Automatic;
				CURRENT_PROJECT_VERSION = 1;
				GENERATE_INFOPLIST_FILE = YES;
				INFOPLIST_FILE = BUUTSHorenko/Info.plist;
				INFOPLIST_KEY_UIApplicationSupportsIndirectInputEvents = YES;
				INFOPLIST_KEY_UILaunchStoryboardName = LaunchScreen;
				INFOPLIST_KEY_UIMainStoryboardFile = Main;
				INFOPLIST_KEY_UISupportedInterfaceOrientations_iPad = "UIInterfaceOrientationPortrait UIInterfaceOrientationPortraitUpsideDown UIInterfaceOrientationLandscapeLeft UIInterfaceOrientationLandscapeRight";
				INFOPLIST_KEY_UISupportedInterfaceOrientations_iPhone = "UIInterfaceOrientationPortrait UIInterfaceOrientationLandscapeLeft UIInterfaceOrientationLandscapeRight";
				LD_RUNPATH_SEARCH_PATHS = (
					"$(inherited)",
					"@executable_path/Frameworks",
				);
				MARKETING_VERSION = 1.0;
				PRODUCT_BUNDLE_IDENTIFIER = "com.butt.shorenko-assignment.BUUTSHorenko";
				PRODUCT_NAME = "$(TARGET_NAME)";
				SWIFT_EMIT_LOC_STRINGS = YES;
				SWIFT_VERSION = 5.0;
				TARGETED_DEVICE_FAMILY = "1,2";
			};
			name = Debug;
		};
		3C367FAA2E1C469400581B21 /* Release */ = {
			isa = XCBuildConfiguration;
			buildSettings = {
				ASSETCATALOG_COMPILER_APPICON_NAME = AppIcon;
				ASSETCATALOG_COMPILER_GLOBAL_ACCENT_COLOR_NAME = AccentColor;
				CODE_SIGN_STYLE = Automatic;
				CURRENT_PROJECT_VERSION = 1;
				GENERATE_INFOPLIST_FILE = YES;
				INFOPLIST_FILE = BUUTSHorenko/Info.plist;
				INFOPLIST_KEY_UIApplicationSupportsIndirectInputEvents = YES;
				INFOPLIST_KEY_UILaunchStoryboardName = LaunchScreen;
				INFOPLIST_KEY_UIMainStoryboardFile = Main;
				INFOPLIST_KEY_UISupportedInterfaceOrientations_iPad = "UIInterfaceOrientationPortrait UIInterfaceOrientationPortraitUpsideDown UIInterfaceOrientationLandscapeLeft UIInterfaceOrientationLandscapeRight";
				INFOPLIST_KEY_UISupportedInterfaceOrientations_iPhone = "UIInterfaceOrientationPortrait UIInterfaceOrientationLandscapeLeft UIInterfaceOrientationLandscapeRight";
				LD_RUNPATH_SEARCH_PATHS = (
					"$(inherited)",
					"@executable_path/Frameworks",
				);
				MARKETING_VERSION = 1.0;
				PRODUCT_BUNDLE_IDENTIFIER = "com.butt.shorenko-assignment.BUUTSHorenko";
				PRODUCT_NAME = "$(TARGET_NAME)";
				SWIFT_EMIT_LOC_STRINGS = YES;
				SWIFT_VERSION = 5.0;
				TARGETED_DEVICE_FAMILY = "1,2";
			};
			name = Release;
		};
		3C367FAB2E1C469400581B21 /* Debug */ = {
			isa = XCBuildConfiguration;
			buildSettings = {
				ALWAYS_SEARCH_USER_PATHS = NO;
				ASSETCATALOG_COMPILER_GENERATE_SWIFT_ASSET_SYMBOL_EXTENSIONS = YES;
				CLANG_ANALYZER_NONNULL = YES;
				CLANG_ANALYZER_NUMBER_OBJECT_CONVERSION = YES_AGGRESSIVE;
				CLANG_CXX_LANGUAGE_STANDARD = "gnu++20";
				CLANG_ENABLE_MODULES = YES;
				CLANG_ENABLE_OBJC_ARC = YES;
				CLANG_ENABLE_OBJC_WEAK = YES;
				CLANG_WARN_BLOCK_CAPTURE_AUTORELEASING = YES;
				CLANG_WARN_BOOL_CONVERSION = YES;
				CLANG_WARN_COMMA = YES;
				CLANG_WARN_CONSTANT_CONVERSION = YES;
				CLANG_WARN_DEPRECATED_OBJC_IMPLEMENTATIONS = YES;
				CLANG_WARN_DIRECT_OBJC_ISA_USAGE = YES_ERROR;
				CLANG_WARN_DOCUMENTATION_COMMENTS = YES;
				CLANG_WARN_EMPTY_BODY = YES;
				CLANG_WARN_ENUM_CONVERSION = YES;
				CLANG_WARN_INFINITE_RECURSION = YES;
				CLANG_WARN_INT_CONVERSION = YES;
				CLANG_WARN_NON_LITERAL_NULL_CONVERSION = YES;
				CLANG_WARN_OBJC_IMPLICIT_RETAIN_SELF = YES;
				CLANG_WARN_OBJC_LITERAL_CONVERSION = YES;
				CLANG_WARN_OBJC_ROOT_CLASS = YES_ERROR;
				CLANG_WARN_QUOTED_INCLUDE_IN_FRAMEWORK_HEADER = YES;
				CLANG_WARN_RANGE_LOOP_ANALYSIS = YES;
				CLANG_WARN_STRICT_PROTOTYPES = YES;
				CLANG_WARN_SUSPICIOUS_MOVE = YES;
				CLANG_WARN_UNGUARDED_AVAILABILITY = YES_AGGRESSIVE;
				CLANG_WARN_UNREACHABLE_CODE = YES;
				CLANG_WARN__DUPLICATE_METHOD_MATCH = YES;
				COPY_PHASE_STRIP = NO;
				DEBUG_INFORMATION_FORMAT = dwarf;
				ENABLE_STRICT_OBJC_MSGSEND = YES;
				ENABLE_TESTABILITY = YES;
				ENABLE_USER_SCRIPT_SANDBOXING = NO;
				GCC_C_LANGUAGE_STANDARD = gnu17;
				GCC_DYNAMIC_NO_PIC = NO;
				GCC_NO_COMMON_BLOCKS = YES;
				GCC_OPTIMIZATION_LEVEL = 0;
				GCC_PREPROCESSOR_DEFINITIONS = (
					"DEBUG=1",
					"$(inherited)",
				);
				GCC_WARN_64_TO_32_BIT_CONVERSION = YES;
				GCC_WARN_ABOUT_RETURN_TYPE = YES_ERROR;
				GCC_WARN_UNDECLARED_SELECTOR = YES;
				GCC_WARN_UNINITIALIZED_AUTOS = YES_AGGRESSIVE;
				GCC_WARN_UNUSED_FUNCTION = YES;
				GCC_WARN_UNUSED_VARIABLE = YES;
				IPHONEOS_DEPLOYMENT_TARGET = 18.5;
				LOCALIZATION_PREFERS_STRING_CATALOGS = YES;
				MTL_ENABLE_DEBUG_INFO = INCLUDE_SOURCE;
				MTL_FAST_MATH = YES;
				ONLY_ACTIVE_ARCH = YES;
				SDKROOT = iphoneos;
				SWIFT_ACTIVE_COMPILATION_CONDITIONS = "DEBUG $(inherited)";
				SWIFT_OPTIMIZATION_LEVEL = "-Onone";
			};
			name = Debug;
		};
		3C367FAC2E1C469400581B21 /* Release */ = {
			isa = XCBuildConfiguration;
			buildSettings = {
				ALWAYS_SEARCH_USER_PATHS = NO;
				ASSETCATALOG_COMPILER_GENERATE_SWIFT_ASSET_SYMBOL_EXTENSIONS = YES;
				CLANG_ANALYZER_NONNULL = YES;
				CLANG_ANALYZER_NUMBER_OBJECT_CONVERSION = YES_AGGRESSIVE;
				CLANG_CXX_LANGUAGE_STANDARD = "gnu++20";
				CLANG_ENABLE_MODULES = YES;
				CLANG_ENABLE_OBJC_ARC = YES;
				CLANG_ENABLE_OBJC_WEAK = YES;
				CLANG_WARN_BLOCK_CAPTURE_AUTORELEASING = YES;
				CLANG_WARN_BOOL_CONVERSION = YES;
				CLANG_WARN_COMMA = YES;
				CLANG_WARN_CONSTANT_CONVERSION = YES;
				CLANG_WARN_DEPRECATED_OBJC_IMPLEMENTATIONS = YES;
				CLANG_WARN_DIRECT_OBJC_ISA_USAGE = YES_ERROR;
				CLANG_WARN_DOCUMENTATION_COMMENTS = YES;
				CLANG_WARN_EMPTY_BODY = YES;
				CLANG_WARN_ENUM_CONVERSION = YES;
				CLANG_WARN_INFINITE_RECURSION = YES;
				CLANG_WARN_INT_CONVERSION = YES;
				CLANG_WARN_NON_LITERAL_NULL_CONVERSION = YES;
				CLANG_WARN_OBJC_IMPLICIT_RETAIN_SELF = YES;
				CLANG_WARN_OBJC_LITERAL_CONVERSION = YES;
				CLANG_WARN_OBJC_ROOT_CLASS = YES_ERROR;
				CLANG_WARN_QUOTED_INCLUDE_IN_FRAMEWORK_HEADER = YES;
				CLANG_WARN_RANGE_LOOP_ANALYSIS = YES;
				CLANG_WARN_STRICT_PROTOTYPES = YES;
				CLANG_WARN_SUSPICIOUS_MOVE = YES;
				CLANG_WARN_UNGUARDED_AVAILABILITY = YES_AGGRESSIVE;
				CLANG_WARN_UNREACHABLE_CODE = YES;
				CLANG_WARN__DUPLICATE_METHOD_MATCH = YES;
				COPY_PHASE_STRIP = NO;
				DEBUG_INFORMATION_FORMAT = "dwarf-with-dsym";
				ENABLE_NS_ASSERTIONS = NO;
				ENABLE_STRICT_OBJC_MSGSEND = YES;
				ENABLE_USER_SCRIPT_SANDBOXING = NO;
				GCC_C_LANGUAGE_STANDARD = gnu17;
				GCC_NO_COMMON_BLOCKS = YES;
				GCC_WARN_64_TO_32_BIT_CONVERSION = YES;
				GCC_WARN_ABOUT_RETURN_TYPE = YES_ERROR;
				GCC_WARN_UNDECLARED_SELECTOR = YES;
				GCC_WARN_UNINITIALIZED_AUTOS = YES_AGGRESSIVE;
				GCC_WARN_UNUSED_FUNCTION = YES;
				GCC_WARN_UNUSED_VARIABLE = YES;
				IPHONEOS_DEPLOYMENT_TARGET = 18.5;
				LOCALIZATION_PREFERS_STRING_CATALOGS = YES;
				MTL_ENABLE_DEBUG_INFO = NO;
				MTL_FAST_MATH = YES;
				SDKROOT = iphoneos;
				SWIFT_COMPILATION_MODE = wholemodule;
				VALIDATE_PRODUCT = YES;
			};
			name = Release;
		};
		3C367FAE2E1C469400581B21 /* Debug */ = {
			isa = XCBuildConfiguration;
			buildSettings = {
				BUNDLE_LOADER = "$(TEST_HOST)";
				CODE_SIGN_STYLE = Automatic;
				CURRENT_PROJECT_VERSION = 1;
				GENERATE_INFOPLIST_FILE = YES;
				IPHONEOS_DEPLOYMENT_TARGET = 18.5;
				MARKETING_VERSION = 1.0;
				PRODUCT_BUNDLE_IDENTIFIER = "com.butt.shorenko-assignment.BUUTSHorenkoTests";
				PRODUCT_NAME = "$(TARGET_NAME)";
				SWIFT_EMIT_LOC_STRINGS = NO;
				SWIFT_VERSION = 5.0;
				TARGETED_DEVICE_FAMILY = "1,2";
				TEST_HOST = "$(BUILT_PRODUCTS_DIR)/BUUTSHorenko.app/$(BUNDLE_EXECUTABLE_FOLDER_PATH)/BUUTSHorenko";
			};
			name = Debug;
		};
		3C367FAF2E1C469400581B21 /* Release */ = {
			isa = XCBuildConfiguration;
			buildSettings = {
				BUNDLE_LOADER = "$(TEST_HOST)";
				CODE_SIGN_STYLE = Automatic;
				CURRENT_PROJECT_VERSION = 1;
				GENERATE_INFOPLIST_FILE = YES;
				IPHONEOS_DEPLOYMENT_TARGET = 18.5;
				MARKETING_VERSION = 1.0;
				PRODUCT_BUNDLE_IDENTIFIER = "com.butt.shorenko-assignment.BUUTSHorenkoTests";
				PRODUCT_NAME = "$(TARGET_NAME)";
				SWIFT_EMIT_LOC_STRINGS = NO;
				SWIFT_VERSION = 5.0;
				TARGETED_DEVICE_FAMILY = "1,2";
				TEST_HOST = "$(BUILT_PRODUCTS_DIR)/BUUTSHorenko.app/$(BUNDLE_EXECUTABLE_FOLDER_PATH)/BUUTSHorenko";
			};
			name = Release;
		};
		3C367FB12E1C469400581B21 /* Debug */ = {
			isa = XCBuildConfiguration;
			buildSettings = {
				CODE_SIGN_STYLE = Automatic;
				CURRENT_PROJECT_VERSION = 1;
				GENERATE_INFOPLIST_FILE = YES;
				MARKETING_VERSION = 1.0;
				PRODUCT_BUNDLE_IDENTIFIER = "com.butt.shorenko-assignment.BUUTSHorenkoUITests";
				PRODUCT_NAME = "$(TARGET_NAME)";
				SWIFT_EMIT_LOC_STRINGS = NO;
				SWIFT_VERSION = 5.0;
				TARGETED_DEVICE_FAMILY = "1,2";
				TEST_TARGET_NAME = BUUTSHorenko;
			};
			name = Debug;
		};
		3C367FB22E1C469400581B21 /* Release */ = {
			isa = XCBuildConfiguration;
			buildSettings = {
				CODE_SIGN_STYLE = Automatic;
				CURRENT_PROJECT_VERSION = 1;
				GENERATE_INFOPLIST_FILE = YES;
				MARKETING_VERSION = 1.0;
				PRODUCT_BUNDLE_IDENTIFIER = "com.butt.shorenko-assignment.BUUTSHorenkoUITests";
				PRODUCT_NAME = "$(TARGET_NAME)";
				SWIFT_EMIT_LOC_STRINGS = NO;
				SWIFT_VERSION = 5.0;
				TARGETED_DEVICE_FAMILY = "1,2";
				TEST_TARGET_NAME = BUUTSHorenko;
			};
			name = Release;
		};
/* End XCBuildConfiguration section */

/* Begin XCConfigurationList section */
		3C367F772E1C469300581B21 /* Build configuration list for PBXProject "BUUTSHorenko" */ = {
			isa = XCConfigurationList;
			buildConfigurations = (
				3C367FAB2E1C469400581B21 /* Debug */,
				3C367FAC2E1C469400581B21 /* Release */,
			);
			defaultConfigurationIsVisible = 0;
			defaultConfigurationName = Release;
		};
		3C367FA82E1C469400581B21 /* Build configuration list for PBXNativeTarget "BUUTSHorenko" */ = {
			isa = XCConfigurationList;
			buildConfigurations = (
				3C367FA92E1C469400581B21 /* Debug */,
				3C367FAA2E1C469400581B21 /* Release */,
			);
			defaultConfigurationIsVisible = 0;
			defaultConfigurationName = Release;
		};
		3C367FAD2E1C469400581B21 /* Build configuration list for PBXNativeTarget "BUUTSHorenkoTests" */ = {
			isa = XCConfigurationList;
			buildConfigurations = (
				3C367FAE2E1C469400581B21 /* Debug */,
				3C367FAF2E1C469400581B21 /* Release */,
			);
			defaultConfigurationIsVisible = 0;
			defaultConfigurationName = Release;
		};
		3C367FB02E1C469400581B21 /* Build configuration list for PBXNativeTarget "BUUTSHorenkoUITests" */ = {
			isa = XCConfigurationList;
			buildConfigurations = (
				3C367FB12E1C469400581B21 /* Debug */,
				3C367FB22E1C469400581B21 /* Release */,
			);
			defaultConfigurationIsVisible = 0;
			defaultConfigurationName = Release;
		};
/* End XCConfigurationList section */
	};
	rootObject = 3C367F742E1C469300581B21 /* Project object */;
}
